
Microsoft Visual Studio Solution File, Format Version 12.00
# Visual Studio Version 17
VisualStudioVersion = 17.13.35818.85 d17.13
MinimumVisualStudioVersion = 10.0.40219.1
Project("{8BC9CEB8-8B4A-11D0-8D11-00A0C91BC942}") = "ДЗ 7", "ДЗ 7.vcxproj", "{FC0C8B5C-8182-4CDA-AA99-BB9140E71090}"
EndProject
Global
	GlobalSection(SolutionConfigurationPlatforms) = preSolution
		Debug|x64 = Debug|x64
		Debug|x86 = Debug|x86
		Release|x64 = Release|x64
		Release|x86 = Release|x86
	EndGlobalSection
	GlobalSection(ProjectConfigurationPlatforms) = postSolution
		{FC0C8B5C-8182-4CDA-AA99-BB9140E71090}.Debug|x64.ActiveCfg = Debug|x64
		{FC0C8B5C-8182-4CDA-AA99-BB9140E71090}.Debug|x64.Build.0 = Debug|x64
		{FC0C8B5C-8182-4CDA-AA99-BB9140E71090}.Debug|x86.ActiveCfg = Debug|Win32
		{FC0C8B5C-8182-4CDA-AA99-BB9140E71090}.Debug|x86.Build.0 = Debug|Win32
		{FC0C8B5C-8182-4CDA-AA99-BB9140E71090}.Release|x64.ActiveCfg = Release|x64
		{FC0C8B5C-8182-4CDA-AA99-BB9140E71090}.Release|x64.Build.0 = Release|x64
		{FC0C8B5C-8182-4CDA-AA99-BB9140E71090}.Release|x86.ActiveCfg = Release|Win32
		{FC0C8B5C-8182-4CDA-AA99-BB9140E71090}.Release|x86.Build.0 = Release|Win32
	EndGlobalSection
	GlobalSection(SolutionProperties) = preSolution
		HideSolutionNode = FALSE
	EndGlobalSection
	GlobalSection(ExtensibilityGlobals) = postSolution
		SolutionGuid = {6A091B88-209C-4FA9-A1B1-9AF4BB3727EE}
	EndGlobalSection
EndGlobal
